
Microsoft Visual Studio Solution File, Format Version 12.00
# Visual Studio Version 16
VisualStudioVersion = 16.0.31205.134
MinimumVisualStudioVersion = 10.0.40219.1
Project("{9A19103F-16F7-4668-BE54-9A1E7A4F7556}") = "WebAPIService", "WebAPIService\WebAPIService.csproj", "{2E334AFA-B104-4371-842B-7436CE724C41}"
EndProject
Project("{9A19103F-16F7-4668-BE54-9A1E7A4F7556}") = "WebAPIService.Test", "WebAPIService.Test\WebAPIService.Test.csproj", "{E0CB6D79-6B63-4E79-8288-78FECD947AF2}"
EndProject
Global
	GlobalSection(SolutionConfigurationPlatforms) = preSolution
		Debug|Any CPU = Debug|Any CPU
		Release|Any CPU = Release|Any CPU
	EndGlobalSection
	GlobalSection(ProjectConfigurationPlatforms) = postSolution
		{2E334AFA-B104-4371-842B-7436CE724C41}.Debug|Any CPU.ActiveCfg = Debug|Any CPU
		{2E334AFA-B104-4371-842B-7436CE724C41}.Debug|Any CPU.Build.0 = Debug|Any CPU
		{2E334AFA-B104-4371-842B-7436CE724C41}.Release|Any CPU.ActiveCfg = Release|Any CPU
		{2E334AFA-B104-4371-842B-7436CE724C41}.Release|Any CPU.Build.0 = Release|Any CPU
		{E0CB6D79-6B63-4E79-8288-78FECD947AF2}.Debug|Any CPU.ActiveCfg = Debug|Any CPU
		{E0CB6D79-6B63-4E79-8288-78FECD947AF2}.Debug|Any CPU.Build.0 = Debug|Any CPU
		{E0CB6D79-6B63-4E79-8288-78FECD947AF2}.Release|Any CPU.ActiveCfg = Release|Any CPU
		{E0CB6D79-6B63-4E79-8288-78FECD947AF2}.Release|Any CPU.Build.0 = Release|Any CPU
	EndGlobalSection
	GlobalSection(SolutionProperties) = preSolution
		HideSolutionNode = FALSE
	EndGlobalSection
	GlobalSection(ExtensibilityGlobals) = postSolution
		SolutionGuid = {CA78F7C3-2B1C-40C1-B44B-51D181EFF629}
	EndGlobalSection
EndGlobal
